
Microsoft Visual Studio Solution File, Format Version 12.00
# Visual Studio 15
VisualStudioVersion = 15.0.27130.2024
MinimumVisualStudioVersion = 10.0.40219.1
Project("{E24C65DC-7377-472B-9ABA-BC803B73C61A}") = "GeoLogin", "GeoLogin\", "{8D630AC1-CA89-4A9A-BCA3-8E576F38B1F9}"
	ProjectSection(WebsiteProperties) = preProject
		TargetFrameworkMoniker = ".NETFramework,Version%3Dv4.6.1"
		Debug.AspNetCompiler.VirtualPath = "/localhost_61736"
		Debug.AspNetCompiler.PhysicalPath = "GeoLogin\"
		Debug.AspNetCompiler.TargetPath = "PrecompiledWeb\localhost_61736\"
		Debug.AspNetCompiler.Updateable = "true"
		Debug.AspNetCompiler.ForceOverwrite = "true"
		Debug.AspNetCompiler.FixedNames = "false"
		Debug.AspNetCompiler.Debug = "True"
		Release.AspNetCompiler.VirtualPath = "/localhost_61736"
		Release.AspNetCompiler.PhysicalPath = "GeoLogin\"
		Release.AspNetCompiler.TargetPath = "PrecompiledWeb\localhost_61736\"
		Release.AspNetCompiler.Updateable = "true"
		Release.AspNetCompiler.ForceOverwrite = "true"
		Release.AspNetCompiler.FixedNames = "false"
		Release.AspNetCompiler.Debug = "False"
		VWDPort = "61736"
		SlnRelativePath = "GeoLogin\"
		DefaultWebSiteLanguage = "Visual C#"
	EndProjectSection
EndProject
Global
	GlobalSection(SolutionConfigurationPlatforms) = preSolution
		Debug|Any CPU = Debug|Any CPU
	EndGlobalSection
	GlobalSection(ProjectConfigurationPlatforms) = postSolution
		{8D630AC1-CA89-4A9A-BCA3-8E576F38B1F9}.Debug|Any CPU.ActiveCfg = Debug|Any CPU
		{8D630AC1-CA89-4A9A-BCA3-8E576F38B1F9}.Debug|Any CPU.Build.0 = Debug|Any CPU
	EndGlobalSection
	GlobalSection(SolutionProperties) = preSolution
		HideSolutionNode = FALSE
	EndGlobalSection
	GlobalSection(ExtensibilityGlobals) = postSolution
		SolutionGuid = {13654AFC-DE5E-48BC-BA88-B762AD8E0055}
	EndGlobalSection
EndGlobal
